{
  "fingerprints": {
    "py://packages/pyquipu-common/src/quipu/common/identity.py#get_user_id_from_email": {
      "baseline_code_signature_text": "def get_user_id_from_email(email: str) -> str:",
      "baseline_code_structure_hash": "d723a96a189dae29395569c513bdcba3e16cfe339f26e0150eeee3ecfae1a353",
      "baseline_yaml_content_hash": "78df8da7e4d8c493eb9924b724603425cfabb96f88029aa839df60b9affee620"
    },
    "py://packages/quipu-common/src/pyquipu/common/identity.py#get_user_id_from_email": {
      "baseline_code_signature_text": "def get_user_id_from_email(email: str) -> str:",
      "baseline_code_structure_hash": "d723a96a189dae29395569c513bdcba3e16cfe339f26e0150eeee3ecfae1a353",
      "baseline_yaml_content_hash": "78df8da7e4d8c493eb9924b724603425cfabb96f88029aa839df60b9affee620"
    },
    "py://packages/quipu-common/src/pyquipu/common/messaging/__init__.py#__all__": {},
    "py://packages/quipu-common/src/pyquipu/common/messaging/bus.py#MessageBus": {
      "baseline_code_signature_text": "class MessageBus:",
      "baseline_code_structure_hash": "7df603215259288edade8bb0d0abed22165cb827313c5a91fb39c5720c420609",
      "baseline_yaml_content_hash": "b9fe2a651a644d89deb6dc2dd1ba97cf0066090ed4318e6bcc580c308dc1e744"
    },
    "py://packages/quipu-common/src/pyquipu/common/messaging/bus.py#MessageBus.__init__": {
      "baseline_code_signature_text": "def __init__(self, store: MessageStore):",
      "baseline_code_structure_hash": "5040b88be06643bddcbfbf61c0cb7dd729aa4df78c9ef146ace3c1f75f8dc2cb"
    },
    "py://packages/quipu-common/src/pyquipu/common/messaging/bus.py#MessageBus._render": {
      "baseline_code_signature_text": "def _render(self, level: str, msg_id: str, **kwargs: Any = {}) -> None:",
      "baseline_code_structure_hash": "7b67b33671aee186d0dc28c75867da51167de2ba06bbc2409bc9952631e6959b"
    },
    "py://packages/quipu-common/src/pyquipu/common/messaging/bus.py#MessageBus._renderer": {},
    "py://packages/quipu-common/src/pyquipu/common/messaging/bus.py#MessageBus._store": {},
    "py://packages/quipu-common/src/pyquipu/common/messaging/bus.py#MessageBus.data": {
      "baseline_code_signature_text": "def data(self, data_string: str) -> None:",
      "baseline_code_structure_hash": "e24670692edbaa5b2b5efeb813dbb1f8c58794e5f10e72f7b92f5ee5d18f505c"
    },
    "py://packages/quipu-common/src/pyquipu/common/messaging/bus.py#MessageBus.error": {
      "baseline_code_signature_text": "def error(self, msg_id: str, **kwargs: Any = {}) -> None:",
      "baseline_code_structure_hash": "74d0e1591df1ba06fd66e12c1295ee60cd7c01bb3259f824dd0a77c2c4f80d78"
    },
    "py://packages/quipu-common/src/pyquipu/common/messaging/bus.py#MessageBus.get": {
      "baseline_code_signature_text": "def get(self, msg_id: str, **kwargs: Any = {}) -> str:",
      "baseline_code_structure_hash": "c1bd63038d3ba8b7a6b341e7acc6da4eb887dd1d1c85eb068e88979596e0ffe0",
      "baseline_yaml_content_hash": "d64e22a2f52e4520f2afa405020f627f0af4ecb5cdecf9f007bc777fd08f4798"
    },
    "py://packages/quipu-common/src/pyquipu/common/messaging/bus.py#MessageBus.info": {
      "baseline_code_signature_text": "def info(self, msg_id: str, **kwargs: Any = {}) -> None:",
      "baseline_code_structure_hash": "817afd5b683cfac505c18cbd0364e790a65d78753b848dcdde052c7850b79b84"
    },
    "py://packages/quipu-common/src/pyquipu/common/messaging/bus.py#MessageBus.set_renderer": {
      "baseline_code_signature_text": "def set_renderer(self, renderer: Renderer):",
      "baseline_code_structure_hash": "ce3ded2742fb947176e357aadf1a2a16da320a95d72c9a6c393d91f26a2c70a4",
      "baseline_yaml_content_hash": "b448d68713904833ef395c65b0c99c6f60f536d28791e8aa895d9e29dd91b7b6"
    },
    "py://packages/quipu-common/src/pyquipu/common/messaging/bus.py#MessageBus.success": {
      "baseline_code_signature_text": "def success(self, msg_id: str, **kwargs: Any = {}) -> None:",
      "baseline_code_structure_hash": "3139e06d043fa8720768af569eb48b4943272e471316dcf409908f75169552c8"
    },
    "py://packages/quipu-common/src/pyquipu/common/messaging/bus.py#MessageBus.warning": {
      "baseline_code_signature_text": "def warning(self, msg_id: str, **kwargs: Any = {}) -> None:",
      "baseline_code_structure_hash": "a6b1deb421acfd2525d3145f5beb41d63b230ec1ea40663f73d3852c239d3e05"
    },
    "py://packages/quipu-common/src/pyquipu/common/messaging/bus.py#MessageStore": {
      "baseline_code_signature_text": "class MessageStore:",
      "baseline_code_structure_hash": "9df57f0f801e88c5b8fd96ffd3720dda29c3cb154d5ad24782443d813fffbf5d",
      "baseline_yaml_content_hash": "311dbc2a56c245de91baae1bdd6fe4f726d11c6f7743aaf062b1c2f72b84806f"
    },
    "py://packages/quipu-common/src/pyquipu/common/messaging/bus.py#MessageStore.__init__": {
      "baseline_code_signature_text": "def __init__(self, locale: str = 'zh'):",
      "baseline_code_structure_hash": "c814b194329487a543937d55073e98ad3803835aff0034650b0c9f604f1b86b8"
    },
    "py://packages/quipu-common/src/pyquipu/common/messaging/bus.py#MessageStore._load_messages": {
      "baseline_code_signature_text": "def _load_messages(self):",
      "baseline_code_structure_hash": "8674d570a06445321b723026b09b798de3b061f6120b58ce658b9042a36e31bb"
    },
    "py://packages/quipu-common/src/pyquipu/common/messaging/bus.py#MessageStore._messages": {},
    "py://packages/quipu-common/src/pyquipu/common/messaging/bus.py#MessageStore.get": {
      "baseline_code_signature_text": "def get(self, msg_id: str, default: str = '') -> str:",
      "baseline_code_structure_hash": "a618a42af5b6ac3f01a4a0dee6b0897ea2a7515bac0d1fd2d98bfb45f415fe82",
      "baseline_yaml_content_hash": "ab12fc4d3ae05195449f9edef5547db542cc50ca3a42b444abdb2d8b00b2c089"
    },
    "py://packages/quipu-common/src/pyquipu/common/messaging/bus.py#MessageStore.locale": {},
    "py://packages/quipu-common/src/pyquipu/common/messaging/bus.py#Renderer": {
      "baseline_code_signature_text": "class Renderer(Protocol):",
      "baseline_code_structure_hash": "8342694db8d308b36ba5d1ecf2dc07bba1460712ac3a9a9438c5abba24852b3d",
      "baseline_yaml_content_hash": "ae23277280453e2a0716632867589e7996fa372148b691fbef68ec54d5e75508"
    },
    "py://packages/quipu-common/src/pyquipu/common/messaging/bus.py#Renderer.data": {
      "baseline_code_signature_text": "def data(self, data_string: str) -> None:",
      "baseline_code_structure_hash": "e24670692edbaa5b2b5efeb813dbb1f8c58794e5f10e72f7b92f5ee5d18f505c"
    },
    "py://packages/quipu-common/src/pyquipu/common/messaging/bus.py#Renderer.error": {
      "baseline_code_signature_text": "def error(self, message: str) -> None:",
      "baseline_code_structure_hash": "2cd45ec5cc7b5fb349714653e4b1c9f36712fc8adf7a7ef9e1eb8774b61e7f4c"
    },
    "py://packages/quipu-common/src/pyquipu/common/messaging/bus.py#Renderer.info": {
      "baseline_code_signature_text": "def info(self, message: str) -> None:",
      "baseline_code_structure_hash": "74013f04bbff01b4572176f4cdac1721665fcad57786891db1ea372e5ce7de3b"
    },
    "py://packages/quipu-common/src/pyquipu/common/messaging/bus.py#Renderer.success": {
      "baseline_code_signature_text": "def success(self, message: str) -> None:",
      "baseline_code_structure_hash": "17cccbfacd9894cee2db64164628e166abec8d66b260be2492fa5a812ad9d615"
    },
    "py://packages/quipu-common/src/pyquipu/common/messaging/bus.py#Renderer.warning": {
      "baseline_code_signature_text": "def warning(self, message: str) -> None:",
      "baseline_code_structure_hash": "122aef289ffd46f5b55b51ddb08da50008b03914266298a8a491fe22cbdaabe4"
    },
    "py://packages/quipu-common/src/pyquipu/common/messaging/bus.py#_default_store": {},
    "py://packages/quipu-common/src/pyquipu/common/messaging/bus.py#bus": {},
    "py://packages/quipu-common/src/pyquipu/common/messaging/bus.py#logger": {},
    "py://packages/quipu-common/src/pyquipu/common/messaging/messages.py#find_locales_dir": {
      "baseline_code_signature_text": "def find_locales_dir() -> Path | None:",
      "baseline_code_structure_hash": "8a89616d1e5b62b811cd66661613e5ae92fcb9d70e23e5565e6362fd60090f9f",
      "baseline_yaml_content_hash": "6935f7204dcbc8dcfaad9ac533587ebb02d049cb7edc4b3b05089e5040926611"
    },
    "py://packages/quipu-common/src/pyquipu/common/messaging/messages.py#logger": {}
  },
  "version": "1.0"
}
