{
  "fingerprints": {
    "py://packages/quipu-interfaces/src/pyquipu/interfaces/exceptions.py#AIFSOpsError": {
      "baseline_code_signature_text": "class AIFSOpsError(Exception):",
      "baseline_code_structure_hash": "fc5a372aeb969f843698f3493aa2bbc8413b4488b3724476302ce75d35ac0d81",
      "baseline_yaml_content_hash": "a569a8b7acd470b6294437f5711f3e3aa654d6e0b0c2e1bc1ae030bad14d3671"
    },
    "py://packages/quipu-interfaces/src/pyquipu/interfaces/exceptions.py#ExecutionError": {
      "baseline_code_signature_text": "class ExecutionError(AIFSOpsError):",
      "baseline_code_structure_hash": "4baa72bc61c1156d30b52ef5718ef7aa16746e13bc93fc24f9bb8fe89020a18d",
      "baseline_yaml_content_hash": "0eb16ac8d37589e5aa3f2455b90b531973521c673d5f1efdd7eff549bc3b424a"
    },
    "py://packages/quipu-interfaces/src/pyquipu/interfaces/exceptions.py#OperationCancelledError": {
      "baseline_code_signature_text": "class OperationCancelledError(ExecutionError):",
      "baseline_code_structure_hash": "6b6f2855825ce5c170266021f9651c88c44e78c976576e92f0e136439f9fb265",
      "baseline_yaml_content_hash": "2c58b2be4b84ebf6d4bedb5e01aa60d83359fb3e86af37aa733564c8fd87649f"
    },
    "py://packages/quipu-interfaces/src/pyquipu/interfaces/exceptions.py#ParseError": {
      "baseline_code_signature_text": "class ParseError(AIFSOpsError):",
      "baseline_code_structure_hash": "c53679185cfd1e86925b3f794c283f62c133f1169fce4ba5359ea6a329233eaa",
      "baseline_yaml_content_hash": "f96e92c08808b99da7b985d8ea851f682ec0880ff0a50db130cac6554d754526"
    },
    "py://packages/quipu-interfaces/src/pyquipu/interfaces/models.py#QuipuNode": {
      "baseline_code_signature_text": "class QuipuNode:",
      "baseline_code_structure_hash": "5fe448b7c1b35c0ac2fbb70cdbdfb63d81a1ccfd8b2976512ca7dff5bfeccb58",
      "baseline_yaml_content_hash": "b266512b993f311e741ea8f8977254172a945f2639fdb8be7a537968fc6ff2af"
    },
    "py://packages/quipu-interfaces/src/pyquipu/interfaces/models.py#QuipuNode.children": {},
    "py://packages/quipu-interfaces/src/pyquipu/interfaces/models.py#QuipuNode.commit_hash": {},
    "py://packages/quipu-interfaces/src/pyquipu/interfaces/models.py#QuipuNode.content": {},
    "py://packages/quipu-interfaces/src/pyquipu/interfaces/models.py#QuipuNode.filename": {},
    "py://packages/quipu-interfaces/src/pyquipu/interfaces/models.py#QuipuNode.input_tree": {},
    "py://packages/quipu-interfaces/src/pyquipu/interfaces/models.py#QuipuNode.node_type": {},
    "py://packages/quipu-interfaces/src/pyquipu/interfaces/models.py#QuipuNode.output_tree": {},
    "py://packages/quipu-interfaces/src/pyquipu/interfaces/models.py#QuipuNode.owner_id": {},
    "py://packages/quipu-interfaces/src/pyquipu/interfaces/models.py#QuipuNode.parent": {},
    "py://packages/quipu-interfaces/src/pyquipu/interfaces/models.py#QuipuNode.parent_hint": {},
    "py://packages/quipu-interfaces/src/pyquipu/interfaces/models.py#QuipuNode.short_hash": {
      "baseline_yaml_content_hash": "732313410a5e949a75300ae94d5bb082427f8df960a5f628c0a33215aecf7be6"
    },
    "py://packages/quipu-interfaces/src/pyquipu/interfaces/models.py#QuipuNode.siblings": {
      "baseline_yaml_content_hash": "904c6b2decafd92c93a899786e58d2b30a22dea185a8a33a560602361f7d4440"
    },
    "py://packages/quipu-interfaces/src/pyquipu/interfaces/models.py#QuipuNode.summary": {},
    "py://packages/quipu-interfaces/src/pyquipu/interfaces/models.py#QuipuNode.timestamp": {},
    "py://packages/quipu-interfaces/src/pyquipu/interfaces/result.py#QuipuResult": {
      "baseline_code_signature_text": "class QuipuResult:",
      "baseline_code_structure_hash": "06b50f4dedf8b7dcddee0ed040535cd004e63102bb6082ec803891200e84f50a",
      "baseline_yaml_content_hash": "6d45186f4afbe3bc84bb1007e4876e08785a2e3fb2007d1ff180b15302aafe00"
    },
    "py://packages/quipu-interfaces/src/pyquipu/interfaces/result.py#QuipuResult.data": {},
    "py://packages/quipu-interfaces/src/pyquipu/interfaces/result.py#QuipuResult.error": {},
    "py://packages/quipu-interfaces/src/pyquipu/interfaces/result.py#QuipuResult.exit_code": {},
    "py://packages/quipu-interfaces/src/pyquipu/interfaces/result.py#QuipuResult.message": {},
    "py://packages/quipu-interfaces/src/pyquipu/interfaces/result.py#QuipuResult.msg_kwargs": {},
    "py://packages/quipu-interfaces/src/pyquipu/interfaces/result.py#QuipuResult.success": {},
    "py://packages/quipu-interfaces/src/pyquipu/interfaces/storage.py#HistoryReader": {
      "baseline_code_signature_text": "class HistoryReader(ABC):",
      "baseline_code_structure_hash": "9323efab50885afa188de92fe4bfce01d4969313d5cb011eb80f2a8715006eaf",
      "baseline_yaml_content_hash": "33e7c5cbc6edbef8e3bde78fcfd6776c1d2d40d54235a45ddf4403dc1c8080c3"
    },
    "py://packages/quipu-interfaces/src/pyquipu/interfaces/storage.py#HistoryReader.find_nodes": {
      "baseline_code_signature_text": "def find_nodes(self, summary_regex: Optional[str] = None, node_type: Optional[str] = None, limit: int = 10) -> List[QuipuNode]:",
      "baseline_code_structure_hash": "3d04cb357877311ed8d37041f5ad5d0f322ed4105e52f5b88cfd40b6f110f6cc",
      "baseline_yaml_content_hash": "ba10988d6d3f1dcf5486d39e8b2806d342938db42994759354ba17eae8831fa9"
    },
    "py://packages/quipu-interfaces/src/pyquipu/interfaces/storage.py#HistoryReader.get_ancestor_output_trees": {
      "baseline_code_signature_text": "def get_ancestor_output_trees(self, start_output_tree_hash: str) -> Set[str]:",
      "baseline_code_structure_hash": "5ae091ca177977fc323d5563cb7f0c6e7af44ac50237f951d24c9793c2336220",
      "baseline_yaml_content_hash": "7d9c9a0aaeb4cc226752e21055050836c26ff933938268d5062df64b1cd54519"
    },
    "py://packages/quipu-interfaces/src/pyquipu/interfaces/storage.py#HistoryReader.get_descendant_output_trees": {
      "baseline_code_signature_text": "def get_descendant_output_trees(self, start_output_tree_hash: str) -> Set[str]:",
      "baseline_code_structure_hash": "8eb09e56e11e9534720ef7286af9a75507b606322ada07811813f6b3278f5edd",
      "baseline_yaml_content_hash": "7704ff1e571cd93c49e35d8f743abe5f490fe4c8850dc1138425d9fc77a14608"
    },
    "py://packages/quipu-interfaces/src/pyquipu/interfaces/storage.py#HistoryReader.get_node_blobs": {
      "baseline_code_signature_text": "def get_node_blobs(self, commit_hash: str) -> Dict[str, bytes]:",
      "baseline_code_structure_hash": "48acf7a37a5612c09d5062797e966133a5c15ba17d05e10407be3235bb076f3d",
      "baseline_yaml_content_hash": "dfaf1e6fb83935b1b36cf9bc80de437d131143a22ba565593c7a77850ea394b7"
    },
    "py://packages/quipu-interfaces/src/pyquipu/interfaces/storage.py#HistoryReader.get_node_content": {
      "baseline_code_signature_text": "def get_node_content(self, node: QuipuNode) -> str:",
      "baseline_code_structure_hash": "72fb728d5fb5468b523a77045d87750229fb34202f36e0bfe8861de1ab999ed8",
      "baseline_yaml_content_hash": "ed726b8006413f0ed4c0e024ba4d8b1897c3f91e6a2d91879229c8b3b31ee87d"
    },
    "py://packages/quipu-interfaces/src/pyquipu/interfaces/storage.py#HistoryReader.get_node_count": {
      "baseline_code_signature_text": "def get_node_count(self) -> int:",
      "baseline_code_structure_hash": "f248a486494c998cc0f98482e50a5e3292f3132d247377d5088251762489517e",
      "baseline_yaml_content_hash": "09d39c2faa0e81af2c66e2db4873bab445a69b0e89091fa206e7d3a1897f9ca4"
    },
    "py://packages/quipu-interfaces/src/pyquipu/interfaces/storage.py#HistoryReader.get_node_position": {
      "baseline_code_signature_text": "def get_node_position(self, output_tree_hash: str) -> int:",
      "baseline_code_structure_hash": "eeb815e029cbffaf43c5365481a21a4251ca6fb30632886a63a5716104041b0e",
      "baseline_yaml_content_hash": "3694615bf9d608eafac28c3ab839e74f2f094e394de9203fb462c5687ff69dab"
    },
    "py://packages/quipu-interfaces/src/pyquipu/interfaces/storage.py#HistoryReader.get_private_data": {
      "baseline_code_signature_text": "def get_private_data(self, node_commit_hash: str) -> Optional[str]:",
      "baseline_code_structure_hash": "b03c5152ce31de33095b38682a69df3dcfcd6551fd2d0e5109137fb9a8e6a772",
      "baseline_yaml_content_hash": "750d81269b7d129d2bd3b466fab93bb7fd6a800cd2555035ae72ede03048aa7c"
    },
    "py://packages/quipu-interfaces/src/pyquipu/interfaces/storage.py#HistoryReader.load_all_nodes": {
      "baseline_code_signature_text": "def load_all_nodes(self) -> List[QuipuNode]:",
      "baseline_code_structure_hash": "860f1b0ce953562bf9798d8e0e7a6d05c0aada817fc5e88689012cb45876f7be",
      "baseline_yaml_content_hash": "3e31f6dcaa7930d326b8d390b874aeb2fdf4c00d9c5004b5bbc51fa489de60dd"
    },
    "py://packages/quipu-interfaces/src/pyquipu/interfaces/storage.py#HistoryReader.load_nodes_paginated": {
      "baseline_code_signature_text": "def load_nodes_paginated(self, limit: int, offset: int) -> List[QuipuNode]:",
      "baseline_code_structure_hash": "cf4d892bf90a00fa3f083ef8e4bb292b58bf36a417cf53e04002657744c0022e",
      "baseline_yaml_content_hash": "7781482edb7de479baee6132105c5e97d314277cf0e2c90eea0a7989710d129a"
    },
    "py://packages/quipu-interfaces/src/pyquipu/interfaces/storage.py#HistoryWriter": {
      "baseline_code_signature_text": "class HistoryWriter(ABC):",
      "baseline_code_structure_hash": "e8a4e77880c7a10c17caa58447b1b811825c56cdc294599f2fc8c8a9341792da",
      "baseline_yaml_content_hash": "71a970d991dc2ec40dfa1cc34b41313c5792f0413dc6f180d3a1f46e01f190fc"
    },
    "py://packages/quipu-interfaces/src/pyquipu/interfaces/storage.py#HistoryWriter.create_node": {
      "baseline_code_signature_text": "def create_node(self, node_type: str, input_tree: str, output_tree: str, content: str, **kwargs: Any = {}) -> QuipuNode:",
      "baseline_code_structure_hash": "f04bb8222f7e248eae151188752d560054da0331a6605ee0e8b2938943348a8d",
      "baseline_yaml_content_hash": "4d81ecd10374428f3b2f8c5efa4b140a2a0bb3c3852a19df590a350a46debb98"
    },
    "py://packages/quipu-interfaces/src/pyquipu/interfaces/types.py#ActContext": {
      "baseline_code_signature_text": "class ActContext:",
      "baseline_code_structure_hash": "59a96b50a86285ea69756266a316ce62a8181101f51429907fa666ae5395f058",
      "baseline_yaml_content_hash": "b87653f6b1c518f1519f3d9a0efe62df1d6df50d19cff1439a76650aa0d12fe8"
    },
    "py://packages/quipu-interfaces/src/pyquipu/interfaces/types.py#ActContext.__init__": {
      "baseline_code_signature_text": "def __init__(self, executor: Executor):",
      "baseline_code_structure_hash": "95d27b69193cf63926d1a71aabb81488fb2fdeb5f063c8d78b50acd9b61bd5dd"
    },
    "py://packages/quipu-interfaces/src/pyquipu/interfaces/types.py#ActContext._executor": {},
    "py://packages/quipu-interfaces/src/pyquipu/interfaces/types.py#ActContext.fail": {
      "baseline_code_signature_text": "def fail(self, message: str):",
      "baseline_code_structure_hash": "958e2673564bee10478978290bfc40000240b95caeda5960ba5ab3f021fde407",
      "baseline_yaml_content_hash": "d78bd0c1102726b8c017af93e02da2add19e149ceb173d381f6e61b17657f331"
    },
    "py://packages/quipu-interfaces/src/pyquipu/interfaces/types.py#ActContext.request_confirmation": {
      "baseline_code_signature_text": "def request_confirmation(self, file_path: Path, old_content: str, new_content: str) -> bool:",
      "baseline_code_structure_hash": "308ac488c4d05a8380d8910726f80f5b8037609442117aefbf79db0737ed1831",
      "baseline_yaml_content_hash": "5ade6dada7fee6ddd86b94b18c1eccf98dc6c60eee15d69bcc53b07ddac27278"
    },
    "py://packages/quipu-interfaces/src/pyquipu/interfaces/types.py#ActContext.resolve_path": {
      "baseline_code_signature_text": "def resolve_path(self, rel_path: str) -> Path:",
      "baseline_code_structure_hash": "72f5dd33f74cb5de3c3603b501ffd27c15a1aa7ad04c772be50667efef35f981",
      "baseline_yaml_content_hash": "683fd97e24ffb0251bf3ce18e5d80311308d93bcac63262b32062ddbac913176"
    },
    "py://packages/quipu-interfaces/src/pyquipu/interfaces/types.py#ActContext.root_dir": {
      "baseline_yaml_content_hash": "adc51d011b1c9a20fa537b7df202543c35f9f885a0c7cee40b856d723b335b8f"
    },
    "py://packages/quipu-interfaces/src/pyquipu/interfaces/types.py#ActFunction": {},
    "py://packages/quipu-interfaces/src/pyquipu/interfaces/types.py#Executor": {
      "baseline_code_signature_text": "class Executor:",
      "baseline_code_structure_hash": "b0b89bb1df01fc07681c0086ffdff841178349557157f0c7827e1d39b6795e45"
    },
    "py://packages/quipu-interfaces/src/pyquipu/interfaces/types.py#Statement": {
      "baseline_code_signature_text": "class Statement(TypedDict):",
      "baseline_code_structure_hash": "a71a6d36d5b816cfe96b1b76cc1eb0f218a04eea3080823362237ea3de4ff3d0",
      "baseline_yaml_content_hash": "4c5cdf525a78869d1ee638fd3aecd02658b854d51e2d26fa50bef9c978eb3fae"
    },
    "py://packages/quipu-interfaces/src/pyquipu/interfaces/types.py#Statement.act": {},
    "py://packages/quipu-interfaces/src/pyquipu/interfaces/types.py#Statement.contexts": {},
    "py://packages/quipu-interfaces/src/pyquipu/interfaces/types.py#Summarizer": {}
  },
  "version": "1.0"
}
